// !$*UTF8*$!
{
	archiveVersion = 1;
	classes = {
	};
	objectVersion = 46;
	objects = {

/* Begin PBXBuildFile section */
		66D96ADF1DEC261800F6D14F /* main.m in Sources */ = {isa = PBXBuildFile; fileRef = 66D96ADE1DEC261800F6D14F /* main.m */; };
		66D96AE21DEC261800F6D14F /* AppDelegate.m in Sources */ = {isa = PBXBuildFile; fileRef = 66D96AE11DEC261800F6D14F /* AppDelegate.m */; };
		66D96AE51DEC261800F6D14F /* ViewController.m in Sources */ = {isa = PBXBuildFile; fileRef = 66D96AE41DEC261800F6D14F /* ViewController.m */; };
		66D96AE81DEC261800F6D14F /* Main.storyboard in Resources */ = {isa = PBXBuildFile; fileRef = 66D96AE61DEC261800F6D14F /* Main.storyboard */; };
		66D96AEA1DEC261800F6D14F /* Assets.xcassets in Resources */ = {isa = PBXBuildFile; fileRef = 66D96AE91DEC261800F6D14F /* Assets.xcassets */; };
		66D96AED1DEC261800F6D14F /* LaunchScreen.storyboard in Resources */ = {isa = PBXBuildFile; fileRef = 66D96AEB1DEC261800F6D14F /* LaunchScreen.storyboard */; };
/* End PBXBuildFile section */

/* Begin PBXFileReference section */
		66D96ADA1DEC261800F6D14F /* BezierPath.app */ = {isa = PBXFileReference; explicitFileType = wrapper.application; includeInIndex = 0; path = BezierPath.app; sourceTree = BUILT_PRODUCTS_DIR; };
		66D96ADE1DEC261800F6D14F /* main.m */ = {isa = PBXFileReference; lastKnownFileType = sourcecode.c.objc; path = main.m; sourceTree = "<group>"; };
		66D96AE01DEC261800F6D14F /* AppDelegate.h */ = {isa = PBXFileReference; lastKnownFileType = sourcecode.c.h; path = AppDelegate.h; sourceTree = "<group>"; };
		66D96AE11DEC261800F6D14F /* AppDelegate.m */ = {isa = PBXFileReference; lastKnownFileType = sourcecode.c.objc; path = AppDelegate.m; sourceTree = "<group>"; };
		66D96AE31DEC261800F6D14F /* ViewController.h */ = {isa = PBXFileReference; lastKnownFileType = sourcecode.c.h; path = ViewController.h; sourceTree = "<group>"; };
		66D96AE41DEC261800F6D14F /* ViewController.m */ = {isa = PBXFileReference; lastKnownFileType = sourcecode.c.objc; path = ViewController.m; sourceTree = "<group>"; };
		66D96AE71DEC261800F6D14F /* Base */ = {isa = PBXFileReference; lastKnownFileType = file.storyboard; name = Base; path = Base.lproj/Main.storyboard; sourceTree = "<group>"; };
		66D96AE91DEC261800F6D14F /* Assets.xcassets */ = {isa = PBXFileReference; lastKnownFileType = folder.assetcatalog; path = Assets.xcassets; sourceTree = "<group>"; };
		66D96AEC1DEC261800F6D14F /* Base */ = {isa = PBXFileReference; lastKnownFileType = file.storyboard; name = Base; path = Base.lproj/LaunchScreen.storyboard; sourceTree = "<group>"; };
		66D96AEE1DEC261800F6D14F /* Info.plist */ = {isa = PBXFileReference; lastKnownFileType = text.plist.xml; path = Info.plist; sourceTree = "<group>"; };
/* End PBXFileReference section */

/* Begin PBXFrameworksBuildPhase section */
		66D96AD71DEC261800F6D14F /* Frameworks */ = {
			isa = PBXFrameworksBuildPhase;
			buildActionMask = 2147483647;
			files = (
			);
			runOnlyForDeploymentPostprocessing = 0;
		};
/* End PBXFrameworksBuildPhase section */

/* Begin PBXGroup section */
		66D96AD11DEC261800F6D14F = {
			isa = PBXGroup;
			children = (
				66D96ADC1DEC261800F6D14F /* BezierPath */,
				66D96ADB1DEC261800F6D14F /* Products */,
			);
			sourceTree = "<group>";
		};
		66D96ADB1DEC261800F6D14F /* Products */ = {
			isa = PBXGroup;
			children = (
				66D96ADA1DEC261800F6D14F /* BezierPath.app */,
			);
			name = Products;
			sourceTree = "<group>";
		};
		66D96ADC1DEC261800F6D14F /* BezierPath */ = {
			isa = PBXGroup;
			children = (
				66D96AE01DEC261800F6D14F /* AppDelegate.h */,
				66D96AE11DEC261800F6D14F /* AppDelegate.m */,
				66D96AE31DEC261800F6D14F /* ViewController.h */,
				66D96AE41DEC261800F6D14F /* ViewController.m */,
				66D96AE61DEC261800F6D14F /* Main.storyboard */,
				66D96AE91DEC261800F6D14F /* Assets.xcassets */,
				66D96AEB1DEC261800F6D14F /* LaunchScreen.storyboard */,
				66D96AEE1DEC261800F6D14F /* Info.plist */,
				66D96ADD1DEC261800F6D14F /* Supporting Files */,
			);
			path = BezierPath;
			sourceTree = "<group>";
		};
		66D96ADD1DEC261800F6D14F /* Supporting Files */ = {
			isa = PBXGroup;
			children = (
				66D96ADE1DEC261800F6D14F /* main.m */,
			);
			name = "Supporting Files";
			sourceTree = "<group>";
		};
/* End PBXGroup section */

/* Begin PBXNativeTarget section */
		66D96AD91DEC261800F6D14F /* BezierPath */ = {
			isa = PBXNativeTarget;
			buildConfigurationList = 66D96AF11DEC261800F6D14F /* Build configuration list for PBXNativeTarget "BezierPath" */;
			buildPhases = (
				66D96AD61DEC261800F6D14F /* Sources */,
				66D96AD71DEC261800F6D14F /* Frameworks */,
				66D96AD81DEC261800F6D14F /* Resources */,
			);
			buildRules = (
			);
			dependencies = (
			);
			name = BezierPath;
			productName = BezierPath;
			productReference = 66D96ADA1DEC261800F6D14F /* BezierPath.app */;
			productType = "com.apple.product-type.application";
		};
/* End PBXNativeTarget section */

/* Begin PBXProject section */
		66D96AD21DEC261800F6D14F /* Project object */ = {
			isa = PBXProject;
			attributes = {
				LastUpgradeCheck = 0810;
				ORGANIZATIONNAME = liyy;
				TargetAttributes = {
					66D96AD91DEC261800F6D14F = {
						CreatedOnToolsVersion = 8.1;
						DevelopmentTeam = 2LTL7JD237;
						ProvisioningStyle = Automatic;
					};
				};
			};
			buildConfigurationList = 66D96AD51DEC261800F6D14F /* Build configuration list for PBXProject "BezierPath" */;
			compatibilityVersion = "Xcode 3.2";
			developmentRegion = English;
			hasScannedForEncodings = 0;
			knownRegions = (
				en,
				Base,
			);
			mainGroup = 66D96AD11DEC261800F6D14F;
			productRefGroup = 66D96ADB1DEC261800F6D14F /* Products */;
			projectDirPath = "";
			projectRoot = "";
			targets = (
				66D96AD91DEC261800F6D14F /* BezierPath */,
			);
		};
/* End PBXProject section */

/* Begin PBXResourcesBuildPhase section */
		66D96AD81DEC261800F6D14F /* Resources */ = {
			isa = PBXResourcesBuildPhase;
			buildActionMask = 2147483647;
			files = (
				66D96AED1DEC261800F6D14F /* LaunchScreen.storyboard in Resources */,
				66D96AEA1DEC261800F6D14F /* Assets.xcassets in Resources */,
				66D96AE81DEC261800F6D14F /* Main.storyboard in Resources */,
			);
			runOnlyForDeploymentPostprocessing = 0;
		};
/* End PBXResourcesBuildPhase section */

/* Begin PBXSourcesBuildPhase section */
		66D96AD61DEC261800F6D14F /* Sources */ = {
			isa = PBXSourcesBuildPhase;
			buildActionMask = 2147483647;
			files = (
				66D96AE51DEC261800F6D14F /* ViewController.m in Sources */,
				66D96AE21DEC261800F6D14F /* AppDelegate.m in Sources */,
				66D96ADF1DEC261800F6D14F /* main.m in Sources */,
			);
			runOnlyForDeploymentPostprocessing = 0;
		};
/* End PBXSourcesBuildPhase section */

/* Begin PBXVariantGroup section */
		66D96AE61DEC261800F6D14F /* Main.storyboard */ = {
			isa = PBXVariantGroup;
			children = (
				66D96AE71DEC261800F6D14F /* Base */,
			);
			name = Main.storyboard;
			sourceTree = "<group>";
		};
		66D96AEB1DEC261800F6D14F /* LaunchScreen.storyboard */ = {
			isa = PBXVariantGroup;
			children = (
				66D96AEC1DEC261800F6D14F /* Base */,
			);
			name = LaunchScreen.storyboard;
			sourceTree = "<group>";
		};
/* End PBXVariantGroup section */

/* Begin XCBuildConfiguration section */
		66D96AEF1DEC261800F6D14F /* Debug */ = {
			isa = XCBuildConfiguration;
			buildSettings = {
				ALWAYS_SEARCH_USER_PATHS = NO;
				CLANG_ANALYZER_NONNULL = YES;
				CLANG_CXX_LANGUAGE_STANDARD = "gnu++0x";
				CLANG_CXX_LIBRARY = "libc++";
				CLANG_ENABLE_MODULES = YES;
				CLANG_ENABLE_OBJC_ARC = YES;
				CLANG_WARN_BOOL_CONVERSION = YES;
				CLANG_WARN_CONSTANT_CONVERSION = YES;
				CLANG_WARN_DIRECT_OBJC_ISA_USAGE = YES_ERROR;
				CLANG_WARN_DOCUMENTATION_COMMENTS = YES;
				CLANG_WARN_EMPTY_BODY = YES;
				CLANG_WARN_ENUM_CONVERSION = YES;
				CLANG_WARN_INFINITE_RECURSION = YES;
				CLANG_WARN_INT_CONVERSION = YES;
				CLANG_WARN_OBJC_ROOT_CLASS = YES_ERROR;
				CLANG_WARN_SUSPICIOUS_MOVES = YES;
				CLANG_WARN_UNREACHABLE_CODE = YES;
				CLANG_WARN__DUPLICATE_METHOD_MATCH = YES;
				"CODE_SIGN_IDENTITY[sdk=iphoneos*]" = "iPhone Developer";
				COPY_PHASE_STRIP = NO;
				DEBUG_INFORMATION_FORMAT = dwarf;
				ENABLE_STRICT_OBJC_MSGSEND = YES;
				ENABLE_TESTABILITY = YES;
				GCC_C_LANGUAGE_STANDARD = gnu99;
				GCC_DYNAMIC_NO_PIC = NO;
				GCC_NO_COMMON_BLOCKS = YES;
				GCC_OPTIMIZATION_LEVEL = 0;
				GCC_PREPROCESSOR_DEFINITIONS = (
					"DEBUG=1",
					"$(inherited)",
				);
				GCC_WARN_64_TO_32_BIT_CONVERSION = YES;
				GCC_WARN_ABOUT_RETURN_TYPE = YES_ERROR;
				GCC_WARN_UNDECLARED_SELECTOR = YES;
				GCC_WARN_UNINITIALIZED_AUTOS = YES_AGGRESSIVE;
				GCC_WARN_UNUSED_FUNCTION = YES;
				GCC_WARN_UNUSED_VARIABLE = YES;
				IPHONEOS_DEPLOYMENT_TARGET = 10.1;
				MTL_ENABLE_DEBUG_INFO = YES;
				ONLY_ACTIVE_ARCH = YES;
				SDKROOT = iphoneos;
			};
			name = Debug;
		};
		66D96AF01DEC261800F6D14F /* Release */ = {
			isa = XCBuildConfiguration;
			buildSettings = {
				ALWAYS_SEARCH_USER_PATHS = NO;
				CLANG_ANALYZER_NONNULL = YES;
				CLANG_CXX_LANGUAGE_STANDARD = "gnu++0x";
				CLANG_CXX_LIBRARY = "libc++";
				CLANG_ENABLE_MODULES = YES;
				CLANG_ENABLE_OBJC_ARC = YES;
				CLANG_WARN_BOOL_CONVERSION = YES;
				CLANG_WARN_CONSTANT_CONVERSION = YES;
				CLANG_WARN_DIRECT_OBJC_ISA_USAGE = YES_ERROR;
				CLANG_WARN_DOCUMENTATION_COMMENTS = YES;
				CLANG_WARN_EMPTY_BODY = YES;
				CLANG_WARN_ENUM_CONVERSION = YES;
				CLANG_WARN_INFINITE_RECURSION = YES;
				CLANG_WARN_INT_CONVERSION = YES;
				CLANG_WARN_OBJC_ROOT_CLASS = YES_ERROR;
				CLANG_WARN_SUSPICIOUS_MOVES = YES;
				CLANG_WARN_UNREACHABLE_CODE = YES;
				CLANG_WARN__DUPLICATE_METHOD_MATCH = YES;
				"CODE_SIGN_IDENTITY[sdk=iphoneos*]" = "iPhone Developer";
				COPY_PHASE_STRIP = NO;
				DEBUG_INFORMATION_FORMAT = "dwarf-with-dsym";
				ENABLE_NS_ASSERTIONS = NO;
				ENABLE_STRICT_OBJC_MSGSEND = YES;
				GCC_C_LANGUAGE_STANDARD = gnu99;
				GCC_NO_COMMON_BLOCKS = YES;
				GCC_WARN_64_TO_32_BIT_CONVERSION = YES;
				GCC_WARN_ABOUT_RETURN_TYPE = YES_ERROR;
				GCC_WARN_UNDECLARED_SELECTOR = YES;
				GCC_WARN_UNINITIALIZED_AUTOS = YES_AGGRESSIVE;
				GCC_WARN_UNUSED_FUNCTION = YES;
				GCC_WARN_UNUSED_VARIABLE = YES;
				IPHONEOS_DEPLOYMENT_TARGET = 10.1;
				MTL_ENABLE_DEBUG_INFO = NO;
				SDKROOT = iphoneos;
				VALIDATE_PRODUCT = YES;
			};
			name = Release;
		};
		66D96AF21DEC261800F6D14F /* Debug */ = {
			isa = XCBuildConfiguration;
			buildSettings = {
				ASSETCATALOG_COMPILER_APPICON_NAME = AppIcon;
				DEVELOPMENT_TEAM = 2LTL7JD237;
				INFOPLIST_FILE = BezierPath/Info.plist;
				LD_RUNPATH_SEARCH_PATHS = "$(inherited) @executable_path/Frameworks";
				PRODUCT_BUNDLE_IDENTIFIER = cn.liyy.bezierpath.BezierPath;
				PRODUCT_NAME = "$(TARGET_NAME)";
			};
			name = Debug;
		};
		66D96AF31DEC261800F6D14F /* Release */ = {
			isa = XCBuildConfiguration;
			buildSettings = {
				ASSETCATALOG_COMPILER_APPICON_NAME = AppIcon;
				DEVELOPMENT_TEAM = 2LTL7JD237;
				INFOPLIST_FILE = BezierPath/Info.plist;
				LD_RUNPATH_SEARCH_PATHS = "$(inherited) @executable_path/Frameworks";
				PRODUCT_BUNDLE_IDENTIFIER = cn.liyy.bezierpath.BezierPath;
				PRODUCT_NAME = "$(TARGET_NAME)";
			};
			name = Release;
		};
/* End XCBuildConfiguration section */

/* Begin XCConfigurationList section */
		66D96AD51DEC261800F6D14F /* Build configuration list for PBXProject "BezierPath" */ = {
			isa = XCConfigurationList;
			buildConfigurations = (
				66D96AEF1DEC261800F6D14F /* Debug */,
				66D96AF01DEC261800F6D14F /* Release */,
			);
			defaultConfigurationIsVisible = 0;
			defaultConfigurationName = Release;
		};
		66D96AF11DEC261800F6D14F /* Build configuration list for PBXNativeTarget "BezierPath" */ = {
			isa = XCConfigurationList;
			buildConfigurations = (
				66D96AF21DEC261800F6D14F /* Debug */,
				66D96AF31DEC261800F6D14F /* Release */,
			);
			defaultConfigurationIsVisible = 0;
		};
/* End XCConfigurationList section */
	};
	rootObject = 66D96AD21DEC261800F6D14F /* Project object */;
}
